{
  "version": "3",
  "packages": {
    "specifiers": {
      "npm:matts-llm-tools": "npm:matts-llm-tools@0.0.4_typescript@5.2.2",
      "npm:matts-llm-tools@0.0.5": "npm:matts-llm-tools@0.0.5_typescript@5.2.2",
      "npm:matts-llm-tools@0.0.6": "npm:matts-llm-tools@0.0.6_typescript@5.2.2",
      "npm:ollama": "npm:ollama@0.4.4"
    },
    "npm": {
      "@isaacs/cliui@8.0.2": {
        "integrity": "sha512-O8jcjabXaleOG9DQ0+ARXWZBTfnP4WNAqzuiJK7ll44AmxGKv/J2M4TPjxjY3znBCfvBXFzucm1twdyFybFqEA==",
        "dependencies": {
          "string-width": "string-width@5.1.2",
          "string-width-cjs": "string-width@4.2.3",
          "strip-ansi": "strip-ansi@7.1.0",
          "strip-ansi-cjs": "strip-ansi@6.0.1",
          "wrap-ansi": "wrap-ansi@8.1.0",
          "wrap-ansi-cjs": "wrap-ansi@7.0.0"
        }
      },
      "@pkgjs/parseargs@0.11.0": {
        "integrity": "sha512-+1VkjdD0QBLPodGrJUeqarH8VAIvQODIbwh9XpP5Syisf7YoQgsJKPNFoqqLQlu+VQ/tVSshMR6loPMn8U+dPg==",
        "dependencies": {}
      },
      "@stdlib/assert-has-own-property@0.2.1": {
        "integrity": "sha512-TNx+PlR1kGG6Ypg9aiHpHzaIYI8iaKAj7Ad1r/A6BlbkA/czzJMMidJE91uDlpgrMAIILAT68MRXt3kD6X2tAw==",
        "dependencies": {}
      },
      "@stdlib/assert-has-symbol-support@0.2.1": {
        "integrity": "sha512-a0N1kI/csNiPZ/0lad7ATOIMSXgpm0mCBjV95TgA4+Dmmruol0DK3PrP4n+NuoziTLzRSM/CRgEtLQI5X9g6mQ==",
        "dependencies": {}
      },
      "@stdlib/assert-has-tostringtag-support@0.2.1": {
        "integrity": "sha512-cWhgirurOsVJzHSSU0GdX5HqHGF2DRWXPk7xbQ4OPhu0x4yeOa2WAupPf7PHQ0pMD++IoWW3I16Gr310WjLDeg==",
        "dependencies": {
          "@stdlib/assert-has-symbol-support": "@stdlib/assert-has-symbol-support@0.2.1"
        }
      },
      "@stdlib/assert-is-boolean@0.2.1": {
        "integrity": "sha512-Ls9j8PAFGZsR8v9J/39QKghT9oLmkm8RI418dt+fHBemFsjd4U/VEvUUgNEfal1LsVAc31ltklR0HJEKrkGDEg==",
        "dependencies": {
          "@stdlib/assert-has-tostringtag-support": "@stdlib/assert-has-tostringtag-support@0.2.1",
          "@stdlib/boolean-ctor": "@stdlib/boolean-ctor@0.2.1",
          "@stdlib/utils-define-nonenumerable-read-only-property": "@stdlib/utils-define-nonenumerable-read-only-property@0.2.1",
          "@stdlib/utils-native-class": "@stdlib/utils-native-class@0.2.1"
        }
      },
      "@stdlib/assert-is-string@0.2.1": {
        "integrity": "sha512-xphxm9i61By/M7cmyCqgPiDof4DP3Rms3lVdcCpkr7T9PkBFMhOlm6zyhxo/2+dhukjf4Sak/WqntF/CWgJFJw==",
        "dependencies": {
          "@stdlib/assert-has-tostringtag-support": "@stdlib/assert-has-tostringtag-support@0.2.1",
          "@stdlib/utils-define-nonenumerable-read-only-property": "@stdlib/utils-define-nonenumerable-read-only-property@0.2.1",
          "@stdlib/utils-native-class": "@stdlib/utils-native-class@0.2.1"
        }
      },
      "@stdlib/boolean-ctor@0.2.1": {
        "integrity": "sha512-CJx4lCU2eYoIcthpdzIoEmhE1Fgd1PFvQeFHhOvbm4TidP/uRP5xQGU+eimgxQ4G0lMxTJ8RNXpLPiK5OdeSUQ==",
        "dependencies": {}
      },
      "@stdlib/error-tools-fmtprodmsg@0.2.1": {
        "integrity": "sha512-SaxvGeGfWfda/O3rTNGRGBzAL9gsY/yd8n1hXwzOl/2aUHf8nxcf6Fz6/BQ5PguT0GiBkca19XEhHZZHxX3X/g==",
        "dependencies": {}
      },
      "@stdlib/nlp-sentencize@0.2.1": {
        "integrity": "sha512-s9+zCRZWQqt0DbmebGwJJami5QBgEPtlXbJj5oEFrlt2usEiNTxn07ExdUuWpYqQ7AKeRN4qp7eg2pdl3vSvtw==",
        "dependencies": {
          "@stdlib/assert-is-string": "@stdlib/assert-is-string@0.2.1",
          "@stdlib/nlp-tokenize": "@stdlib/nlp-tokenize@0.2.1",
          "@stdlib/string-base-trim": "@stdlib/string-base-trim@0.2.1"
        }
      },
      "@stdlib/nlp-tokenize@0.2.1": {
        "integrity": "sha512-jy2399uPIhqHURoCwbgzhnIe7T+oC6oPpgybj3IVln83zsNbu9HjWe89ThaVduu9yPxqE3jBIn1/ch6DEO4eIg==",
        "dependencies": {
          "@stdlib/assert-has-own-property": "@stdlib/assert-has-own-property@0.2.1",
          "@stdlib/assert-is-boolean": "@stdlib/assert-is-boolean@0.2.1",
          "@stdlib/assert-is-string": "@stdlib/assert-is-string@0.2.1",
          "@stdlib/string-format": "@stdlib/string-format@0.2.1"
        }
      },
      "@stdlib/string-base-format-interpolate@0.2.1": {
        "integrity": "sha512-Uxz89eUi4m9yao4VjsqXIxLIF7qDmqEAH0e+XBRWRGC2zx6DhmK2kLnaU0xW69+VJPn3dq4itxq0oryw2E+qIQ==",
        "dependencies": {}
      },
      "@stdlib/string-base-format-tokenize@0.2.1": {
        "integrity": "sha512-3Ut96pmCgEFArrdwXKm1q0j1FOqTnG/uOsh24uYNU/ABRsMOOajRlAjCCdQv9f8P916qPrSnF1V3Pd18LAaksg==",
        "dependencies": {}
      },
      "@stdlib/string-base-replace@0.2.1": {
        "integrity": "sha512-n7FRXJDCFTr7BfW/HOhyaOFKYrzsUHS3MULrykCld5MEJrVbTL61eXRWBPhMWeTVwJHCHU6zxtiwGt4+cU5vdg==",
        "dependencies": {}
      },
      "@stdlib/string-base-trim@0.2.1": {
        "integrity": "sha512-1X5auUy9y2+qZHg8InGh7+8zCTyUy29D059FjUrUcLiHqBBGkeuYwIHFOUONReFs4ZcZ4Xe86NtelS5pbIm7hQ==",
        "dependencies": {
          "@stdlib/string-base-replace": "@stdlib/string-base-replace@0.2.1"
        }
      },
      "@stdlib/string-format@0.2.1": {
        "integrity": "sha512-+HpXkEJ0Z4gthH5KicXvRRJiCiCTSrKzM+mS8N6vwaAD+OG+Oq8Cn43XBD1ic/UHROI9un42MruF1ZLlkSmdOw==",
        "dependencies": {
          "@stdlib/string-base-format-interpolate": "@stdlib/string-base-format-interpolate@0.2.1",
          "@stdlib/string-base-format-tokenize": "@stdlib/string-base-format-tokenize@0.2.1"
        }
      },
      "@stdlib/symbol-ctor@0.2.1": {
        "integrity": "sha512-ZZAuKPJZ9PVrbRCp4iPKdlyh7uyrCi39dqrU/j/w38mOzYZJV6utK33eeAIsQH5yMDO7Tr0Zu69TKGf2XqmaPw==",
        "dependencies": {}
      },
      "@stdlib/utils-define-nonenumerable-read-only-property@0.2.1": {
        "integrity": "sha512-L8fs1kI79T2RQIg8rHR9aQnnSDELqiDGWbK3jA1NP8iW+ydxlxXyO8Dw17fBCXVua3Y19a1NVyGtIN5WGe2UCw==",
        "dependencies": {
          "@stdlib/utils-define-property": "@stdlib/utils-define-property@0.2.3"
        }
      },
      "@stdlib/utils-define-property@0.2.3": {
        "integrity": "sha512-+EzWImaQR/6XNFbXIITFi3PLQGTbKVIWSYxJfHXAuTtibAMnhHOWvEzKOumVe/Q4Cdsrc3/PIkpjJzliqAX9AA==",
        "dependencies": {
          "@stdlib/error-tools-fmtprodmsg": "@stdlib/error-tools-fmtprodmsg@0.2.1",
          "@stdlib/string-format": "@stdlib/string-format@0.2.1"
        }
      },
      "@stdlib/utils-native-class@0.2.1": {
        "integrity": "sha512-tM3am6amt50I4mFRlClExUmORqPzMExgDyZc4Lur+LXn5wb0uEoeBbJ27ftMDg8PNLSi5RUuBCwZBEXvYpG0yw==",
        "dependencies": {
          "@stdlib/assert-has-own-property": "@stdlib/assert-has-own-property@0.2.1",
          "@stdlib/assert-has-tostringtag-support": "@stdlib/assert-has-tostringtag-support@0.2.1",
          "@stdlib/symbol-ctor": "@stdlib/symbol-ctor@0.2.1"
        }
      },
      "ansi-regex@5.0.1": {
        "integrity": "sha512-quJQXlTSUGL2LH9SUXo8VwsY4soanhgo6LNSm84E1LBcE8s3O0wpdiRzyR9z/ZZJMlMWv37qOOb9pdJlMUEKFQ==",
        "dependencies": {}
      },
      "ansi-regex@6.0.1": {
        "integrity": "sha512-n5M855fKb2SsfMIiFFoVrABHJC8QtHwVx+mHWP3QcEqBHYienj5dHSgjbxtC0WEZXYt4wcD6zrQElDPhFuZgfA==",
        "dependencies": {}
      },
      "ansi-styles@4.3.0": {
        "integrity": "sha512-zbB9rCJAT1rbjiVDb2hqKFHNYLxgtk8NURxZ3IZwD3F6NtxbXZQCnnSi1Lkx+IDohdPlFp222wVALIheZJQSEg==",
        "dependencies": {
          "color-convert": "color-convert@2.0.1"
        }
      },
      "ansi-styles@6.2.1": {
        "integrity": "sha512-bN798gFfQX+viw3R7yrGWRqnrN2oRkEkUjjl4JNn4E8GxxbjtG3FbrEIIY3l8/hrwUwIeCZvi4QuOTP4MErVug==",
        "dependencies": {}
      },
      "balanced-match@1.0.2": {
        "integrity": "sha512-3oSeUO0TMV67hN1AmbXsK4yaqU7tjiHlbxRDZOpH0KW9+CeX4bRAaX0Anxt0tx2MrpRpWwQaPwIlISEJhYU5Pw==",
        "dependencies": {}
      },
      "brace-expansion@2.0.1": {
        "integrity": "sha512-XnAIvQ8eM+kC6aULx6wuQiwVsnzsi9d3WxzV3FpWTGA19F621kwdbsAcFKXgKUHZWsy+mY6iL1sHTxWEFCytDA==",
        "dependencies": {
          "balanced-match": "balanced-match@1.0.2"
        }
      },
      "color-convert@2.0.1": {
        "integrity": "sha512-RRECPsj7iu/xb5oKYcsFHSppFNnsj/52OVTRKb4zP5onXwVF3zVmmToNcOfGC+CRDpfK/U584fMg38ZHCaElKQ==",
        "dependencies": {
          "color-name": "color-name@1.1.4"
        }
      },
      "color-name@1.1.4": {
        "integrity": "sha512-dOy+3AuW3a2wNbZHIuMZpTcgjGuLU/uBL/ubcZF9OXbDo8ff4O8yVp5Bf0efS8uEoYo5q4Fx7dY9OgQGXgAsQA==",
        "dependencies": {}
      },
      "cross-spawn@7.0.3": {
        "integrity": "sha512-iRDPJKUPVEND7dHPO8rkbOnPpyDygcDFtWjpeWNCgy8WP2rXcxXL8TskReQl6OrB2G7+UJrags1q15Fudc7G6w==",
        "dependencies": {
          "path-key": "path-key@3.1.1",
          "shebang-command": "shebang-command@2.0.0",
          "which": "which@2.0.2"
        }
      },
      "eastasianwidth@0.2.0": {
        "integrity": "sha512-I88TYZWc9XiYHRQ4/3c5rjjfgkjhLyW2luGIheGERbNQ6OY7yTybanSpDXZa8y7VUP9YmDcYa+eyq4ca7iLqWA==",
        "dependencies": {}
      },
      "emoji-regex@8.0.0": {
        "integrity": "sha512-MSjYzcWNOA0ewAHpz0MxpYFvwg6yjy1NG3xteoqz644VCo/RPgnr1/GGt+ic3iJTzQ8Eu3TdM14SawnVUmGE6A==",
        "dependencies": {}
      },
      "emoji-regex@9.2.2": {
        "integrity": "sha512-L18DaJsXSUk2+42pv8mLs5jJT2hqFkFE4j21wOmgbUqsZ2hL72NsUU785g9RXgo3s0ZNgVl42TiHp3ZtOv/Vyg==",
        "dependencies": {}
      },
      "foreground-child@3.1.1": {
        "integrity": "sha512-TMKDUnIte6bfb5nWv7V/caI169OHgvwjb7V4WkeUvbQQdjr5rWKqHFiKWb/fcOwB+CzBT+qbWjvj+DVwRskpIg==",
        "dependencies": {
          "cross-spawn": "cross-spawn@7.0.3",
          "signal-exit": "signal-exit@4.1.0"
        }
      },
      "fs@0.0.1-security": {
        "integrity": "sha512-3XY9e1pP0CVEUCdj5BmfIZxRBTSDycnbqhIOGec9QYtmVH2fbLpj86CFWkrNOkt/Fvty4KZG5lTglL9j/gJ87w==",
        "dependencies": {}
      },
      "glob@10.3.10": {
        "integrity": "sha512-fa46+tv1Ak0UPK1TOy/pZrIybNNt4HCv7SDzwyfiOZkvZLEbjsZkJBPtDHVshZjbecAoAGSC20MjLDG/qr679g==",
        "dependencies": {
          "foreground-child": "foreground-child@3.1.1",
          "jackspeak": "jackspeak@2.3.6",
          "minimatch": "minimatch@9.0.3",
          "minipass": "minipass@7.0.4",
          "path-scurry": "path-scurry@1.10.1"
        }
      },
      "hex-encoding@2.0.2": {
        "integrity": "sha512-NhclxbCmF1NTU9mE0GYEkUrFX5VvnfiHrzcqGbsQJcLT33rE/yqBB+U1bHDuLk86AQyN/hsr+Q/sX3jRxmarhg==",
        "dependencies": {
          "node-buffer-encoding": "node-buffer-encoding@1.0.2",
          "uint8-encoding": "uint8-encoding@2.0.0"
        }
      },
      "inherits@2.0.3": {
        "integrity": "sha512-x00IRNXNy63jwGkJmzPigoySHbaqpNuzKbBOmzK+g2OdZpQ9w+sxCN+VSB3ja7IAge2OP2qpfxTjeNcyjmW1uw==",
        "dependencies": {}
      },
      "is-fullwidth-code-point@3.0.0": {
        "integrity": "sha512-zymm5+u+sCsSWyD9qNaejV3DFvhCKclKdizYaJUuHA83RLjb7nSuGnddCHGv0hk+KY7BMAlsWeK4Ueg6EV6XQg==",
        "dependencies": {}
      },
      "isexe@2.0.0": {
        "integrity": "sha512-RHxMLp9lnKHGHRng9QFhRCMbYAcVpn69smSGcq3f36xjgVVWThj4qqLbTLlq7Ssj8B+fIQ1EuCEGI2lKsyQeIw==",
        "dependencies": {}
      },
      "jackspeak@2.3.6": {
        "integrity": "sha512-N3yCS/NegsOBokc8GAdM8UcmfsKiSS8cipheD/nivzr700H+nsMOxJjQnvwOcRYVuFkdH0wGUvW2WbXGmrZGbQ==",
        "dependencies": {
          "@isaacs/cliui": "@isaacs/cliui@8.0.2",
          "@pkgjs/parseargs": "@pkgjs/parseargs@0.11.0"
        }
      },
      "lru-cache@10.1.0": {
        "integrity": "sha512-/1clY/ui8CzjKFyjdvwPWJUYKiFVXG2I2cY0ssG7h4+hwk+XOIX7ZSG9Q7TW8TW3Kp3BUSqgFWBLgL4PJ+Blag==",
        "dependencies": {}
      },
      "matts-llm-tools@0.0.4_typescript@5.2.2": {
        "integrity": "sha512-FcC+H8I6OtNsOijnkzZWrR4Xpg12CeGaw0dz3A8cu3CNHT9vi+v+A9U/Fbr9EgZI+psGo8VIgcMvOvnympVfPQ==",
        "dependencies": {
          "@stdlib/nlp-sentencize": "@stdlib/nlp-sentencize@0.2.1",
          "fs": "fs@0.0.1-security",
          "glob": "glob@10.3.10",
          "hex-encoding": "hex-encoding@2.0.2",
          "ollama": "ollama@0.5.0",
          "path": "path@0.12.7",
          "typescript": "typescript@5.2.2"
        }
      },
      "matts-llm-tools@0.0.5_typescript@5.2.2": {
        "integrity": "sha512-N48yu1Em7CVJg32UzdoGdLIxLAAvcujGbFKVCrggXTS10eq5GNSS0bH9TyDvxMw6dmFanG8pyf51n57wrQ4tdA==",
        "dependencies": {
          "@stdlib/nlp-sentencize": "@stdlib/nlp-sentencize@0.2.1",
          "fs": "fs@0.0.1-security",
          "glob": "glob@10.3.10",
          "hex-encoding": "hex-encoding@2.0.2",
          "ollama": "ollama@0.5.0",
          "path": "path@0.12.7",
          "typescript": "typescript@5.2.2"
        }
      },
      "matts-llm-tools@0.0.6_typescript@5.2.2": {
        "integrity": "sha512-O4mng7/HaUMQQpKAcCLx/S36XTPFKTsuyKmVIYVyswHQ9f/kQ1SgGBlqexfTRLiW6i45KrAbhEa1bZQsGFupLA==",
        "dependencies": {
          "@stdlib/nlp-sentencize": "@stdlib/nlp-sentencize@0.2.1",
          "fs": "fs@0.0.1-security",
          "glob": "glob@10.3.10",
          "hex-encoding": "hex-encoding@2.0.2",
          "ollama": "ollama@0.5.0",
          "path": "path@0.12.7",
          "typescript": "typescript@5.2.2"
        }
      },
      "minimatch@9.0.3": {
        "integrity": "sha512-RHiac9mvaRw0x3AYRgDC1CxAP7HTcNrrECeA8YYJeWnpo+2Q5CegtZjaotWTWxDG3UeGA1coE05iH1mPjT/2mg==",
        "dependencies": {
          "brace-expansion": "brace-expansion@2.0.1"
        }
      },
      "minipass@7.0.4": {
        "integrity": "sha512-jYofLM5Dam9279rdkWzqHozUo4ybjdZmCsDHePy5V/PbBcVMiSZR97gmAy45aqi8CK1lG2ECd356FU86avfwUQ==",
        "dependencies": {}
      },
      "node-buffer-encoding@1.0.2": {
        "integrity": "sha512-v2QFjf04xWb5Q7cyzbi8qEwe2vw2xJBXT7+pMOLA02+KJZlcJ/6syFYiH96ClXKfOG/kyBeysAuewJ7zfAUYKQ==",
        "dependencies": {}
      },
      "ollama@0.4.4": {
        "integrity": "sha512-vAOZ3LM3DUE98Yy+iUJHu9Y9juKmjDAMntYoe8XqGAEkJkU5ZRkO1lwJxu5sRNU6WkEQ3MoHsvgeVIWr+cQmbg==",
        "dependencies": {
          "whatwg-fetch": "whatwg-fetch@3.6.20"
        }
      },
      "ollama@0.5.0": {
        "integrity": "sha512-CRtRzsho210EGdK52GrUMohA2pU+7NbgEaBG3DcYeRmvQthDO7E2LHOkLlUUeaYUlNmEd8icbjC02ug9meSYnw==",
        "dependencies": {
          "whatwg-fetch": "whatwg-fetch@3.6.20"
        }
      },
      "path-key@3.1.1": {
        "integrity": "sha512-ojmeN0qd+y0jszEtoY48r0Peq5dwMEkIlCOu6Q5f41lfkswXuKtYrhgoTpLnyIcHm24Uhqx+5Tqm2InSwLhE6Q==",
        "dependencies": {}
      },
      "path-scurry@1.10.1": {
        "integrity": "sha512-MkhCqzzBEpPvxxQ71Md0b1Kk51W01lrYvlMzSUaIzNsODdd7mqhiimSZlr+VegAz5Z6Vzt9Xg2ttE//XBhH3EQ==",
        "dependencies": {
          "lru-cache": "lru-cache@10.1.0",
          "minipass": "minipass@7.0.4"
        }
      },
      "path@0.12.7": {
        "integrity": "sha512-aXXC6s+1w7otVF9UletFkFcDsJeO7lSZBPUQhtb5O0xJe8LtYhj/GxldoL09bBj9+ZmE2hNoHqQSFMN5fikh4Q==",
        "dependencies": {
          "process": "process@0.11.10",
          "util": "util@0.10.4"
        }
      },
      "process@0.11.10": {
        "integrity": "sha512-cdGef/drWFoydD1JsMzuFf8100nZl+GT+yacc2bEced5f9Rjk4z+WtFUTBu9PhOi9j/jfmBPu0mMEY4wIdAF8A==",
        "dependencies": {}
      },
      "shebang-command@2.0.0": {
        "integrity": "sha512-kHxr2zZpYtdmrN1qDjrrX/Z1rR1kG8Dx+gkpK1G4eXmvXswmcE1hTWBWYUzlraYw1/yZp6YuDY77YtvbN0dmDA==",
        "dependencies": {
          "shebang-regex": "shebang-regex@3.0.0"
        }
      },
      "shebang-regex@3.0.0": {
        "integrity": "sha512-7++dFhtcx3353uBaq8DDR4NuxBetBzC7ZQOhmTQInHEd6bSrXdiEyzCvG07Z44UYdLShWUyXt5M/yhz8ekcb1A==",
        "dependencies": {}
      },
      "signal-exit@4.1.0": {
        "integrity": "sha512-bzyZ1e88w9O1iNJbKnOlvYTrWPDl46O1bG0D3XInv+9tkPrxrN8jUUTiFlDkkmKWgn1M6CfIA13SuGqOa9Korw==",
        "dependencies": {}
      },
      "string-width@4.2.3": {
        "integrity": "sha512-wKyQRQpjJ0sIp62ErSZdGsjMJWsap5oRNihHhu6G7JVO/9jIB6UyevL+tXuOqrng8j/cxKTWyWUwvSTriiZz/g==",
        "dependencies": {
          "emoji-regex": "emoji-regex@8.0.0",
          "is-fullwidth-code-point": "is-fullwidth-code-point@3.0.0",
          "strip-ansi": "strip-ansi@6.0.1"
        }
      },
      "string-width@5.1.2": {
        "integrity": "sha512-HnLOCR3vjcY8beoNLtcjZ5/nxn2afmME6lhrDrebokqMap+XbeW8n9TXpPDOqdGK5qcI3oT0GKTW6wC7EMiVqA==",
        "dependencies": {
          "eastasianwidth": "eastasianwidth@0.2.0",
          "emoji-regex": "emoji-regex@9.2.2",
          "strip-ansi": "strip-ansi@7.1.0"
        }
      },
      "strip-ansi@6.0.1": {
        "integrity": "sha512-Y38VPSHcqkFrCpFnQ9vuSXmquuv5oXOKpGeT6aGrr3o3Gc9AlVa6JBfUSOCnbxGGZF+/0ooI7KrPuUSztUdU5A==",
        "dependencies": {
          "ansi-regex": "ansi-regex@5.0.1"
        }
      },
      "strip-ansi@7.1.0": {
        "integrity": "sha512-iq6eVVI64nQQTRYq2KtEg2d2uU7LElhTJwsH4YzIHZshxlgZms/wIc4VoDQTlG/IvVIrBKG06CrZnp0qv7hkcQ==",
        "dependencies": {
          "ansi-regex": "ansi-regex@6.0.1"
        }
      },
      "typescript@5.2.2": {
        "integrity": "sha512-mI4WrpHsbCIcwT9cF4FZvr80QUeKvsUsUvKDoR+X/7XHQH98xYD8YHZg7ANtz2GtZt/CBq2QJ0thkGJMHfqc1w==",
        "dependencies": {}
      },
      "uint8-encoding@2.0.0": {
        "integrity": "sha512-MQcY+mEuLoHBqAawasWrFbZx1SqUoFU/wVYNGO6lsIxczeO+cNjA1djYHQM3GWU3SaEhKTfG3Z5cE2r+zR6tNw==",
        "dependencies": {}
      },
      "util@0.10.4": {
        "integrity": "sha512-0Pm9hTQ3se5ll1XihRic3FDIku70C+iHUdT/W926rSgHV5QgXsYbKZN8MSC3tJtSkhuROzvsQjAaFENRXr+19A==",
        "dependencies": {
          "inherits": "inherits@2.0.3"
        }
      },
      "whatwg-fetch@3.6.20": {
        "integrity": "sha512-EqhiFU6daOA8kpjOWTL0olhVOF3i7OrFzSYiGsEMB8GcXS+RrzauAERX65xMeNWVqxA6HXH2m69Z9LaKKdisfg==",
        "dependencies": {}
      },
      "which@2.0.2": {
        "integrity": "sha512-BLI3Tl1TW3Pvl70l3yq3Y64i+awpwXqsGBYWkkqMtnbXgrMD+yj7rhW0kuEDxzJaYXGjEW5ogapKNMEKNMjibA==",
        "dependencies": {
          "isexe": "isexe@2.0.0"
        }
      },
      "wrap-ansi@7.0.0": {
        "integrity": "sha512-YVGIj2kamLSTxw6NsZjoBxfSwsn0ycdesmc4p+Q21c5zPuZ1pl+NfxVdxPtdHvmNVOQ6XSYG4AUtyt/Fi7D16Q==",
        "dependencies": {
          "ansi-styles": "ansi-styles@4.3.0",
          "string-width": "string-width@4.2.3",
          "strip-ansi": "strip-ansi@6.0.1"
        }
      },
      "wrap-ansi@8.1.0": {
        "integrity": "sha512-si7QWI6zUMq56bESFvagtmzMdGOtoxfR+Sez11Mobfc7tm+VkUckk9bW2UeffTGVUbOksxmSw0AA2gs8g71NCQ==",
        "dependencies": {
          "ansi-styles": "ansi-styles@6.2.1",
          "string-width": "string-width@5.1.2",
          "strip-ansi": "strip-ansi@7.1.0"
        }
      }
    }
  },
  "redirects": {
    "https://deno.land/std/assert/mod.ts": "https://deno.land/std@0.204.0/assert/mod.ts",
    "https://deno.land/std/path/mod.ts": "https://deno.land/std@0.211.0/path/mod.ts",
    "https://deno.land/std/testing/asserts.ts": "https://deno.land/std@0.213.0/testing/asserts.ts",
    "https://deno.land/x/bb64/mod.ts": "https://deno.land/x/bb64@1.1.0/mod.ts"
  },
  "remote": {
    "https://deno.land/std@0.204.0/assert/_constants.ts": "8a9da298c26750b28b326b297316cdde860bc237533b07e1337c021379e6b2a9",
    "https://deno.land/std@0.204.0/assert/_diff.ts": "58e1461cc61d8eb1eacbf2a010932bf6a05b79344b02ca38095f9b805795dc48",
    "https://deno.land/std@0.204.0/assert/_format.ts": "a69126e8a469009adf4cf2a50af889aca364c349797e63174884a52ff75cf4c7",
    "https://deno.land/std@0.204.0/assert/assert.ts": "9a97dad6d98c238938e7540736b826440ad8c1c1e54430ca4c4e623e585607ee",
    "https://deno.land/std@0.204.0/assert/assert_almost_equals.ts": "e15ca1f34d0d5e0afae63b3f5d975cbd18335a132e42b0c747d282f62ad2cd6c",
    "https://deno.land/std@0.204.0/assert/assert_array_includes.ts": "6856d7f2c3544bc6e62fb4646dfefa3d1df5ff14744d1bca19f0cbaf3b0d66c9",
    "https://deno.land/std@0.204.0/assert/assert_equals.ts": "d8ec8a22447fbaf2fc9d7c3ed2e66790fdb74beae3e482855d75782218d68227",
    "https://deno.land/std@0.204.0/assert/assert_exists.ts": "407cb6b9fb23a835cd8d5ad804e2e2edbbbf3870e322d53f79e1c7a512e2efd7",
    "https://deno.land/std@0.204.0/assert/assert_false.ts": "0ccbcaae910f52c857192ff16ea08bda40fdc79de80846c206bfc061e8c851c6",
    "https://deno.land/std@0.204.0/assert/assert_greater.ts": "ae2158a2d19313bf675bf7251d31c6dc52973edb12ac64ac8fc7064152af3e63",
    "https://deno.land/std@0.204.0/assert/assert_greater_or_equal.ts": "1439da5ebbe20855446cac50097ac78b9742abe8e9a43e7de1ce1426d556e89c",
    "https://deno.land/std@0.204.0/assert/assert_instance_of.ts": "3aedb3d8186e120812d2b3a5dea66a6e42bf8c57a8bd927645770bd21eea554c",
    "https://deno.land/std@0.204.0/assert/assert_is_error.ts": "c21113094a51a296ffaf036767d616a78a2ae5f9f7bbd464cd0197476498b94b",
    "https://deno.land/std@0.204.0/assert/assert_less.ts": "aec695db57db42ec3e2b62e97e1e93db0063f5a6ec133326cc290ff4b71b47e4",
    "https://deno.land/std@0.204.0/assert/assert_less_or_equal.ts": "5fa8b6a3ffa20fd0a05032fe7257bf985d207b85685fdbcd23651b70f928c848",
    "https://deno.land/std@0.204.0/assert/assert_match.ts": "c4083f80600bc190309903c95e397a7c9257ff8b5ae5c7ef91e834704e672e9b",
    "https://deno.land/std@0.204.0/assert/assert_not_equals.ts": "9f1acab95bd1f5fc9a1b17b8027d894509a745d91bac1718fdab51dc76831754",
    "https://deno.land/std@0.204.0/assert/assert_not_instance_of.ts": "0c14d3dfd9ab7a5276ed8ed0b18c703d79a3d106102077ec437bfe7ed912bd22",
    "https://deno.land/std@0.204.0/assert/assert_not_match.ts": "3796a5b0c57a1ce6c1c57883dd4286be13a26f715ea662318ab43a8491a13ab0",
    "https://deno.land/std@0.204.0/assert/assert_not_strict_equals.ts": "ca6c6d645e95fbc873d25320efeb8c4c6089a9a5e09f92d7c1c4b6e935c2a6ad",
    "https://deno.land/std@0.204.0/assert/assert_object_match.ts": "d8fc2867cfd92eeacf9cea621e10336b666de1874a6767b5ec48988838370b54",
    "https://deno.land/std@0.204.0/assert/assert_rejects.ts": "45c59724de2701e3b1f67c391d6c71c392363635aad3f68a1b3408f9efca0057",
    "https://deno.land/std@0.204.0/assert/assert_strict_equals.ts": "b1f538a7ea5f8348aeca261d4f9ca603127c665e0f2bbfeb91fa272787c87265",
    "https://deno.land/std@0.204.0/assert/assert_string_includes.ts": "b821d39ebf5cb0200a348863c86d8c4c4b398e02012ce74ad15666fc4b631b0c",
    "https://deno.land/std@0.204.0/assert/assert_throws.ts": "63784e951475cb7bdfd59878cd25a0931e18f6dc32a6077c454b2cd94f4f4bcd",
    "https://deno.land/std@0.204.0/assert/assertion_error.ts": "4d0bde9b374dfbcbe8ac23f54f567b77024fb67dbb1906a852d67fe050d42f56",
    "https://deno.land/std@0.204.0/assert/equal.ts": "9f1a46d5993966d2596c44e5858eec821859b45f783a5ee2f7a695dfc12d8ece",
    "https://deno.land/std@0.204.0/assert/fail.ts": "c36353d7ae6e1f7933d45f8ea51e358c8c4b67d7e7502028598fe1fea062e278",
    "https://deno.land/std@0.204.0/assert/mod.ts": "37c49a26aae2b254bbe25723434dc28cd7532e444cf0b481a97c045d110ec085",
    "https://deno.land/std@0.204.0/assert/unimplemented.ts": "d56fbeecb1f108331a380f72e3e010a1f161baa6956fd0f7cf3e095ae1a4c75a",
    "https://deno.land/std@0.204.0/assert/unreachable.ts": "4600dc0baf7d9c15a7f7d234f00c23bca8f3eba8b140286aaca7aa998cf9a536",
    "https://deno.land/std@0.204.0/fmt/colors.ts": "c51c4642678eb690dcf5ffee5918b675bf01a33fba82acf303701ae1a4f8c8d9",
    "https://deno.land/std@0.207.0/encoding/_util.ts": "f368920189c4fe6592ab2e93bd7ded8f3065b84f95cd3e036a4a10a75649dcba",
    "https://deno.land/std@0.207.0/encoding/base64.ts": "81c0ecff5ccb402def58ca03d8bd245bd01da15a077d3362b568e991aa10f4d9",
    "https://deno.land/std@0.211.0/assert/assert.ts": "bec068b2fccdd434c138a555b19a2c2393b71dfaada02b7d568a01541e67cdc5",
    "https://deno.land/std@0.211.0/assert/assertion_error.ts": "9f689a101ee586c4ce92f52fa7ddd362e86434ffdf1f848e45987dc7689976b8",
    "https://deno.land/std@0.211.0/path/_common/assert_path.ts": "2ca275f36ac1788b2acb60fb2b79cb06027198bc2ba6fb7e163efaedde98c297",
    "https://deno.land/std@0.211.0/path/_common/basename.ts": "569744855bc8445f3a56087fd2aed56bdad39da971a8d92b138c9913aecc5fa2",
    "https://deno.land/std@0.211.0/path/_common/common.ts": "6157c7ec1f4db2b4a9a187efd6ce76dcaf1e61cfd49f87e40d4ea102818df031",
    "https://deno.land/std@0.211.0/path/_common/constants.ts": "dc5f8057159f4b48cd304eb3027e42f1148cf4df1fb4240774d3492b5d12ac0c",
    "https://deno.land/std@0.211.0/path/_common/dirname.ts": "684df4aa71a04bbcc346c692c8485594fc8a90b9408dfbc26ff32cf3e0c98cc8",
    "https://deno.land/std@0.211.0/path/_common/format.ts": "92500e91ea5de21c97f5fe91e178bae62af524b72d5fcd246d6d60ae4bcada8b",
    "https://deno.land/std@0.211.0/path/_common/from_file_url.ts": "d672bdeebc11bf80e99bf266f886c70963107bdd31134c4e249eef51133ceccf",
    "https://deno.land/std@0.211.0/path/_common/glob_to_reg_exp.ts": "2007aa87bed6eb2c8ae8381adcc3125027543d9ec347713c1ad2c68427330770",
    "https://deno.land/std@0.211.0/path/_common/normalize.ts": "684df4aa71a04bbcc346c692c8485594fc8a90b9408dfbc26ff32cf3e0c98cc8",
    "https://deno.land/std@0.211.0/path/_common/normalize_string.ts": "dfdf657a1b1a7db7999f7c575ee7e6b0551d9c20f19486c6c3f5ff428384c965",
    "https://deno.land/std@0.211.0/path/_common/relative.ts": "faa2753d9b32320ed4ada0733261e3357c186e5705678d9dd08b97527deae607",
    "https://deno.land/std@0.211.0/path/_common/strip_trailing_separators.ts": "7024a93447efcdcfeaa9339a98fa63ef9d53de363f1fbe9858970f1bba02655a",
    "https://deno.land/std@0.211.0/path/_common/to_file_url.ts": "7f76adbc83ece1bba173e6e98a27c647712cab773d3f8cbe0398b74afc817883",
    "https://deno.land/std@0.211.0/path/_interface.ts": "a1419fcf45c0ceb8acdccc94394e3e94f99e18cfd32d509aab514c8841799600",
    "https://deno.land/std@0.211.0/path/_os.ts": "8fb9b90fb6b753bd8c77cfd8a33c2ff6c5f5bc185f50de8ca4ac6a05710b2c15",
    "https://deno.land/std@0.211.0/path/basename.ts": "5d341aadb7ada266e2280561692c165771d071c98746fcb66da928870cd47668",
    "https://deno.land/std@0.211.0/path/common.ts": "973e019d3cfa6a134a13f1fda3f7efbaf400a64365d7a7b96f66afe373a09dc5",
    "https://deno.land/std@0.211.0/path/dirname.ts": "85bd955bf31d62c9aafdd7ff561c4b5fb587d11a9a5a45e2b01aedffa4238a7c",
    "https://deno.land/std@0.211.0/path/extname.ts": "593303db8ae8c865cbd9ceec6e55d4b9ac5410c1e276bfd3131916591b954441",
    "https://deno.land/std@0.211.0/path/format.ts": "98fad25f1af7b96a48efb5b67378fcc8ed77be895df8b9c733b86411632162af",
    "https://deno.land/std@0.211.0/path/from_file_url.ts": "911833ae4fd10a1c84f6271f36151ab785955849117dc48c6e43b929504ee069",
    "https://deno.land/std@0.211.0/path/glob_to_regexp.ts": "83c5fd36a8c86f5e72df9d0f45317f9546afa2ce39acaafe079d43a865aced08",
    "https://deno.land/std@0.211.0/path/is_absolute.ts": "4791afc8bfd0c87f0526eaa616b0d16e7b3ab6a65b62942e50eac68de4ef67d7",
    "https://deno.land/std@0.211.0/path/is_glob.ts": "a65f6195d3058c3050ab905705891b412ff942a292bcbaa1a807a74439a14141",
    "https://deno.land/std@0.211.0/path/join.ts": "ae2ec5ca44c7e84a235fd532e4a0116bfb1f2368b394db1c4fb75e3c0f26a33a",
    "https://deno.land/std@0.211.0/path/join_globs.ts": "e9589869a33dc3982101898ee50903db918ca00ad2614dbe3934d597d7b1fbea",
    "https://deno.land/std@0.211.0/path/mod.ts": "8e1ffe983557e9637184ccb84bd6b0447e319f4a28bfad7f3f41ee050579e5e6",
    "https://deno.land/std@0.211.0/path/normalize.ts": "4155743ccceeed319b350c1e62e931600272fad8ad00c417b91df093867a8352",
    "https://deno.land/std@0.211.0/path/normalize_glob.ts": "98ee8268fad271193603271c203ae973280b5abfbdd2cbca1053fd2af71869ca",
    "https://deno.land/std@0.211.0/path/parse.ts": "65e8e285f1a63b714e19ef24b68f56e76934c3df0b6e65fd440d3991f4f8aefb",
    "https://deno.land/std@0.211.0/path/posix/_util.ts": "1e3937da30f080bfc99fe45d7ed23c47dd8585c5e473b2d771380d3a6937cf9d",
    "https://deno.land/std@0.211.0/path/posix/basename.ts": "39ee27a29f1f35935d3603ccf01d53f3d6e0c5d4d0f84421e65bd1afeff42843",
    "https://deno.land/std@0.211.0/path/posix/common.ts": "809cc86e79db8171b9a97ac397d56b9588c25a8f3062f483c8d651a2b6739daa",
    "https://deno.land/std@0.211.0/path/posix/dirname.ts": "6535d2bdd566118963537b9dda8867ba9e2a361015540dc91f5afbb65c0cce8b",
    "https://deno.land/std@0.211.0/path/posix/extname.ts": "8d36ae0082063c5e1191639699e6f77d3acf501600a3d87b74943f0ae5327427",
    "https://deno.land/std@0.211.0/path/posix/format.ts": "185e9ee2091a42dd39e2a3b8e4925370ee8407572cee1ae52838aed96310c5c1",
    "https://deno.land/std@0.211.0/path/posix/from_file_url.ts": "951aee3a2c46fd0ed488899d024c6352b59154c70552e90885ed0c2ab699bc40",
    "https://deno.land/std@0.211.0/path/posix/glob_to_regexp.ts": "54d3ff40f309e3732ab6e5b19d7111d2d415248bcd35b67a99defcbc1972e697",
    "https://deno.land/std@0.211.0/path/posix/is_absolute.ts": "cebe561ad0ae294f0ce0365a1879dcfca8abd872821519b4fcc8d8967f888ede",
    "https://deno.land/std@0.211.0/path/posix/is_glob.ts": "8a8b08c08bf731acf2c1232218f1f45a11131bc01de81e5f803450a5914434b9",
    "https://deno.land/std@0.211.0/path/posix/join.ts": "aef88d5fa3650f7516730865dbb951594d1a955b785e2450dbee93b8e32694f3",
    "https://deno.land/std@0.211.0/path/posix/join_globs.ts": "35ddd5f321d79e1fc72d2ec9a8d8863f0bb1431125e57bb2661799278d4ee9cd",
    "https://deno.land/std@0.211.0/path/posix/mod.ts": "9dfff9f3618ba6990eb8495dadef13871e5756419b25079b6b905a4ebf790926",
    "https://deno.land/std@0.211.0/path/posix/normalize.ts": "baeb49816a8299f90a0237d214cef46f00ba3e95c0d2ceb74205a6a584b58a91",
    "https://deno.land/std@0.211.0/path/posix/normalize_glob.ts": "0f01bcfb0791144f0e901fd2cc706432baf84828c393f3c25c53583f03d0c0b7",
    "https://deno.land/std@0.211.0/path/posix/parse.ts": "d5bac4eb21262ab168eead7e2196cb862940c84cee572eafedd12a0d34adc8fb",
    "https://deno.land/std@0.211.0/path/posix/relative.ts": "3907d6eda41f0ff723d336125a1ad4349112cd4d48f693859980314d5b9da31c",
    "https://deno.land/std@0.211.0/path/posix/resolve.ts": "bac20d9921beebbbb2b73706683b518b1d0c1b1da514140cee409e90d6b2913a",
    "https://deno.land/std@0.211.0/path/posix/separator.ts": "6530f253a33d92d8f8a1d1d7fa7fad2992c739ad9886dde72e4e78793f1cfd49",
    "https://deno.land/std@0.211.0/path/posix/to_file_url.ts": "7aa752ba66a35049e0e4a4be5a0a31ac6b645257d2e031142abb1854de250aaf",
    "https://deno.land/std@0.211.0/path/posix/to_namespaced_path.ts": "28b216b3c76f892a4dca9734ff1cc0045d135532bfd9c435ae4858bfa5a2ebf0",
    "https://deno.land/std@0.211.0/path/relative.ts": "ab739d727180ed8727e34ed71d976912461d98e2b76de3d3de834c1066667add",
    "https://deno.land/std@0.211.0/path/resolve.ts": "a6f977bdb4272e79d8d0ed4333e3d71367cc3926acf15ac271f1d059c8494d8d",
    "https://deno.land/std@0.211.0/path/separator.ts": "2b5a590d4f1942e70650ee7421d161c24ec7d3b94b49981e4138ae07397fb2d2",
    "https://deno.land/std@0.211.0/path/to_file_url.ts": "88f049b769bce411e2d2db5bd9e6fd9a185a5fbd6b9f5ad8f52bef517c4ece1b",
    "https://deno.land/std@0.211.0/path/to_namespaced_path.ts": "b706a4103b104cfadc09600a5f838c2ba94dbcdb642344557122dda444526e40",
    "https://deno.land/std@0.211.0/path/windows/_util.ts": "d5f47363e5293fced22c984550d5e70e98e266cc3f31769e1710511803d04808",
    "https://deno.land/std@0.211.0/path/windows/basename.ts": "e2dbf31d1d6385bfab1ce38c333aa290b6d7ae9e0ecb8234a654e583cf22f8fe",
    "https://deno.land/std@0.211.0/path/windows/common.ts": "809cc86e79db8171b9a97ac397d56b9588c25a8f3062f483c8d651a2b6739daa",
    "https://deno.land/std@0.211.0/path/windows/dirname.ts": "33e421be5a5558a1346a48e74c330b8e560be7424ed7684ea03c12c21b627bc9",
    "https://deno.land/std@0.211.0/path/windows/extname.ts": "165a61b00d781257fda1e9606a48c78b06815385e7d703232548dbfc95346bef",
    "https://deno.land/std@0.211.0/path/windows/format.ts": "bbb5ecf379305b472b1082cd2fdc010e44a0020030414974d6029be9ad52aeb6",
    "https://deno.land/std@0.211.0/path/windows/from_file_url.ts": "ced2d587b6dff18f963f269d745c4a599cf82b0c4007356bd957cb4cb52efc01",
    "https://deno.land/std@0.211.0/path/windows/glob_to_regexp.ts": "6dcd1242bd8907aa9660cbdd7c93446e6927b201112b0cba37ca5d80f81be51b",
    "https://deno.land/std@0.211.0/path/windows/is_absolute.ts": "4a8f6853f8598cf91a835f41abed42112cebab09478b072e4beb00ec81f8ca8a",
    "https://deno.land/std@0.211.0/path/windows/is_glob.ts": "8a8b08c08bf731acf2c1232218f1f45a11131bc01de81e5f803450a5914434b9",
    "https://deno.land/std@0.211.0/path/windows/join.ts": "e0b3356615c1a75c56ebb6a7311157911659e11fd533d80d724800126b761ac3",
    "https://deno.land/std@0.211.0/path/windows/join_globs.ts": "35ddd5f321d79e1fc72d2ec9a8d8863f0bb1431125e57bb2661799278d4ee9cd",
    "https://deno.land/std@0.211.0/path/windows/mod.ts": "e739f7e783b69fb7956bed055e117201ccb071a7917c09f87c5c8c2b54369d38",
    "https://deno.land/std@0.211.0/path/windows/normalize.ts": "78126170ab917f0ca355a9af9e65ad6bfa5be14d574c5fb09bb1920f52577780",
    "https://deno.land/std@0.211.0/path/windows/normalize_glob.ts": "49c634af33a7c6bc738885c4b34633278b7ab47bd47bf11281b2190970b823e2",
    "https://deno.land/std@0.211.0/path/windows/parse.ts": "b9239edd892a06a06625c1b58425e199f018ce5649ace024d144495c984da734",
    "https://deno.land/std@0.211.0/path/windows/relative.ts": "3e1abc7977ee6cc0db2730d1f9cb38be87b0ce4806759d271a70e4997fc638d7",
    "https://deno.land/std@0.211.0/path/windows/resolve.ts": "75b2e3e1238d840782cee3d8864d82bfaa593c7af8b22f19c6422cf82f330ab3",
    "https://deno.land/std@0.211.0/path/windows/separator.ts": "2bbcc551f64810fb43252185bd1d33d66e0477d74bd52f03b89f5dc21a3dd486",
    "https://deno.land/std@0.211.0/path/windows/to_file_url.ts": "1cd63fd35ec8d1370feaa4752eccc4cc05ea5362a878be8dc7db733650995484",
    "https://deno.land/std@0.211.0/path/windows/to_namespaced_path.ts": "4ffa4fb6fae321448d5fe810b3ca741d84df4d7897e61ee29be961a6aac89a4c",
    "https://deno.land/std@0.213.0/assert/_constants.ts": "a271e8ef5a573f1df8e822a6eb9d09df064ad66a4390f21b3e31f820a38e0975",
    "https://deno.land/std@0.213.0/assert/_diff.ts": "dcc63d94ca289aec80644030cf88ccbf7acaa6fbd7b0f22add93616b36593840",
    "https://deno.land/std@0.213.0/assert/_format.ts": "0ba808961bf678437fb486b56405b6fefad2cf87b5809667c781ddee8c32aff4",
    "https://deno.land/std@0.213.0/assert/assert.ts": "bec068b2fccdd434c138a555b19a2c2393b71dfaada02b7d568a01541e67cdc5",
    "https://deno.land/std@0.213.0/assert/assert_almost_equals.ts": "8b96b7385cc117668b0720115eb6ee73d04c9bcb2f5d2344d674918c9113688f",
    "https://deno.land/std@0.213.0/assert/assert_array_includes.ts": "1688d76317fd45b7e93ef9e2765f112fdf2b7c9821016cdfb380b9445374aed1",
    "https://deno.land/std@0.213.0/assert/assert_equals.ts": "4497c56fe7d2993b0d447926702802fc0becb44e319079e8eca39b482ee01b4e",
    "https://deno.land/std@0.213.0/assert/assert_exists.ts": "24a7bf965e634f909242cd09fbaf38bde6b791128ece08e33ab08586a7cc55c9",
    "https://deno.land/std@0.213.0/assert/assert_false.ts": "6f382568e5128c0f855e5f7dbda8624c1ed9af4fcc33ef4a9afeeedcdce99769",
    "https://deno.land/std@0.213.0/assert/assert_greater.ts": "4945cf5729f1a38874d7e589e0fe5cc5cd5abe5573ca2ddca9d3791aa891856c",
    "https://deno.land/std@0.213.0/assert/assert_greater_or_equal.ts": "573ed8823283b8d94b7443eb69a849a3c369a8eb9666b2d1db50c33763a5d219",
    "https://deno.land/std@0.213.0/assert/assert_instance_of.ts": "72dc1faff1e248692d873c89382fa1579dd7b53b56d52f37f9874a75b11ba444",
    "https://deno.land/std@0.213.0/assert/assert_is_error.ts": "6596f2b5ba89ba2fe9b074f75e9318cda97a2381e59d476812e30077fbdb6ed2",
    "https://deno.land/std@0.213.0/assert/assert_less.ts": "2b4b3fe7910f65f7be52212f19c3977ecb8ba5b2d6d0a296c83cde42920bb005",
    "https://deno.land/std@0.213.0/assert/assert_less_or_equal.ts": "b93d212fe669fbde959e35b3437ac9a4468f2e6b77377e7b6ea2cfdd825d38a0",
    "https://deno.land/std@0.213.0/assert/assert_match.ts": "ec2d9680ed3e7b9746ec57ec923a17eef6d476202f339ad91d22277d7f1d16e1",
    "https://deno.land/std@0.213.0/assert/assert_not_equals.ts": "f3edda73043bc2c9fae6cbfaa957d5c69bbe76f5291a5b0466ed132c8789df4c",
    "https://deno.land/std@0.213.0/assert/assert_not_instance_of.ts": "8f720d92d83775c40b2542a8d76c60c2d4aeddaf8713c8d11df8984af2604931",
    "https://deno.land/std@0.213.0/assert/assert_not_match.ts": "b4b7c77f146963e2b673c1ce4846473703409eb93f5ab0eb60f6e6f8aeffe39f",
    "https://deno.land/std@0.213.0/assert/assert_not_strict_equals.ts": "da0b8ab60a45d5a9371088378e5313f624799470c3b54c76e8b8abeec40a77be",
    "https://deno.land/std@0.213.0/assert/assert_object_match.ts": "e85e5eef62a56ce364c3afdd27978ccab979288a3e772e6855c270a7b118fa49",
    "https://deno.land/std@0.213.0/assert/assert_rejects.ts": "e9e0c8d9c3e164c7ac962c37b3be50577c5a2010db107ed272c4c1afb1269f54",
    "https://deno.land/std@0.213.0/assert/assert_strict_equals.ts": "0425a98f70badccb151644c902384c12771a93e65f8ff610244b8147b03a2366",
    "https://deno.land/std@0.213.0/assert/assert_string_includes.ts": "dfb072a890167146f8e5bdd6fde887ce4657098e9f71f12716ef37f35fb6f4a7",
    "https://deno.land/std@0.213.0/assert/assert_throws.ts": "edddd86b39606c342164b49ad88dd39a26e72a26655e07545d172f164b617fa7",
    "https://deno.land/std@0.213.0/assert/assertion_error.ts": "9f689a101ee586c4ce92f52fa7ddd362e86434ffdf1f848e45987dc7689976b8",
    "https://deno.land/std@0.213.0/assert/equal.ts": "fae5e8a52a11d3ac694bbe1a53e13a7969e3f60791262312e91a3e741ae519e2",
    "https://deno.land/std@0.213.0/assert/fail.ts": "f310e51992bac8e54f5fd8e44d098638434b2edb802383690e0d7a9be1979f1c",
    "https://deno.land/std@0.213.0/assert/mod.ts": "325df8c0683ad83a873b9691aa66b812d6275fc9fec0b2d180ac68a2c5efed3b",
    "https://deno.land/std@0.213.0/assert/unimplemented.ts": "47ca67d1c6dc53abd0bd729b71a31e0825fc452dbcd4fde4ca06789d5644e7fd",
    "https://deno.land/std@0.213.0/assert/unreachable.ts": "38cfecb95d8b06906022d2f9474794fca4161a994f83354fd079cac9032b5145",
    "https://deno.land/std@0.213.0/fmt/colors.ts": "aeaee795471b56fc62a3cb2e174ed33e91551b535f44677f6320336aabb54fbb",
    "https://deno.land/std@0.213.0/testing/asserts.ts": "0cb9c745d9b157bed062a4aa8647168d2221f6456c385a548b0ca24de9e0f3ca",
    "https://deno.land/x/bb64@1.1.0/mod.ts": "6e059e6c8cb5ff17910adf85751b10c4628f0fa943c2b1647508aa0cb250274f"
  }
}
